// !$*UTF8*$!
{
	archiveVersion = 1;
	classes = {
	};
	objectVersion = 48;
	objects = {

/* Begin PBXBuildFile section */
		F8101E681F8B14DA001A20A4 /* AppDelegate.m in Sources */ = {isa = PBXBuildFile; fileRef = F8101E671F8B14DA001A20A4 /* AppDelegate.m */; };
		F8101E6B1F8B14DA001A20A4 /* ViewController.m in Sources */ = {isa = PBXBuildFile; fileRef = F8101E6A1F8B14DA001A20A4 /* ViewController.m */; };
		F8101E6E1F8B14DA001A20A4 /* Main.storyboard in Resources */ = {isa = PBXBuildFile; fileRef = F8101E6C1F8B14DA001A20A4 /* Main.storyboard */; };
		F8101E701F8B14DA001A20A4 /* Assets.xcassets in Resources */ = {isa = PBXBuildFile; fileRef = F8101E6F1F8B14DA001A20A4 /* Assets.xcassets */; };
		F8101E731F8B14DA001A20A4 /* LaunchScreen.storyboard in Resources */ = {isa = PBXBuildFile; fileRef = F8101E711F8B14DA001A20A4 /* LaunchScreen.storyboard */; };
		F8101E761F8B14DA001A20A4 /* main.m in Sources */ = {isa = PBXBuildFile; fileRef = F8101E751F8B14DA001A20A4 /* main.m */; };
/* End PBXBuildFile section */

/* Begin PBXFileReference section */
		F8101E631F8B14DA001A20A4 /* SlackMessageParser.app */ = {isa = PBXFileReference; explicitFileType = wrapper.application; includeInIndex = 0; path = SlackMessageParser.app; sourceTree = BUILT_PRODUCTS_DIR; };
		F8101E661F8B14DA001A20A4 /* AppDelegate.h */ = {isa = PBXFileReference; lastKnownFileType = sourcecode.c.h; path = AppDelegate.h; sourceTree = "<group>"; };
		F8101E671F8B14DA001A20A4 /* AppDelegate.m */ = {isa = PBXFileReference; lastKnownFileType = sourcecode.c.objc; path = AppDelegate.m; sourceTree = "<group>"; };
		F8101E691F8B14DA001A20A4 /* ViewController.h */ = {isa = PBXFileReference; lastKnownFileType = sourcecode.c.h; path = ViewController.h; sourceTree = "<group>"; };
		F8101E6A1F8B14DA001A20A4 /* ViewController.m */ = {isa = PBXFileReference; lastKnownFileType = sourcecode.c.objc; path = ViewController.m; sourceTree = "<group>"; };
		F8101E6D1F8B14DA001A20A4 /* Base */ = {isa = PBXFileReference; lastKnownFileType = file.storyboard; name = Base; path = Base.lproj/Main.storyboard; sourceTree = "<group>"; };
		F8101E6F1F8B14DA001A20A4 /* Assets.xcassets */ = {isa = PBXFileReference; lastKnownFileType = folder.assetcatalog; path = Assets.xcassets; sourceTree = "<group>"; };
		F8101E721F8B14DA001A20A4 /* Base */ = {isa = PBXFileReference; lastKnownFileType = file.storyboard; name = Base; path = Base.lproj/LaunchScreen.storyboard; sourceTree = "<group>"; };
		F8101E741F8B14DA001A20A4 /* Info.plist */ = {isa = PBXFileReference; lastKnownFileType = text.plist.xml; path = Info.plist; sourceTree = "<group>"; };
		F8101E751F8B14DA001A20A4 /* main.m */ = {isa = PBXFileReference; lastKnownFileType = sourcecode.c.objc; path = main.m; sourceTree = "<group>"; };
/* End PBXFileReference section */

/* Begin PBXFrameworksBuildPhase section */
		F8101E601F8B14DA001A20A4 /* Frameworks */ = {
			isa = PBXFrameworksBuildPhase;
			buildActionMask = 2147483647;
			files = (
			);
			runOnlyForDeploymentPostprocessing = 0;
		};
/* End PBXFrameworksBuildPhase section */

/* Begin PBXGroup section */
		F8101E5A1F8B14DA001A20A4 = {
			isa = PBXGroup;
			children = (
				F8101E651F8B14DA001A20A4 /* SlackMessageParser */,
				F8101E641F8B14DA001A20A4 /* Products */,
			);
			sourceTree = "<group>";
		};
		F8101E641F8B14DA001A20A4 /* Products */ = {
			isa = PBXGroup;
			children = (
				F8101E631F8B14DA001A20A4 /* SlackMessageParser.app */,
			);
			name = Products;
			sourceTree = "<group>";
		};
		F8101E651F8B14DA001A20A4 /* SlackMessageParser */ = {
			isa = PBXGroup;
			children = (
				F8101E661F8B14DA001A20A4 /* AppDelegate.h */,
				F8101E671F8B14DA001A20A4 /* AppDelegate.m */,
				F8101E691F8B14DA001A20A4 /* ViewController.h */,
				F8101E6A1F8B14DA001A20A4 /* ViewController.m */,
				F8101E6C1F8B14DA001A20A4 /* Main.storyboard */,
				F8101E6F1F8B14DA001A20A4 /* Assets.xcassets */,
				F8101E711F8B14DA001A20A4 /* LaunchScreen.storyboard */,
				F8101E741F8B14DA001A20A4 /* Info.plist */,
				F8101E751F8B14DA001A20A4 /* main.m */,
			);
			path = SlackMessageParser;
			sourceTree = "<group>";
		};
/* End PBXGroup section */

/* Begin PBXNativeTarget section */
		F8101E621F8B14DA001A20A4 /* SlackMessageParser */ = {
			isa = PBXNativeTarget;
			buildConfigurationList = F8101E791F8B14DA001A20A4 /* Build configuration list for PBXNativeTarget "SlackMessageParser" */;
			buildPhases = (
				F8101E5F1F8B14DA001A20A4 /* Sources */,
				F8101E601F8B14DA001A20A4 /* Frameworks */,
				F8101E611F8B14DA001A20A4 /* Resources */,
			);
			buildRules = (
			);
			dependencies = (
			);
			name = SlackMessageParser;
			productName = SlackMessageParser;
			productReference = F8101E631F8B14DA001A20A4 /* SlackMessageParser.app */;
			productType = "com.apple.product-type.application";
		};
/* End PBXNativeTarget section */

/* Begin PBXProject section */
		F8101E5B1F8B14DA001A20A4 /* Project object */ = {
			isa = PBXProject;
			attributes = {
				LastUpgradeCheck = 0900;
				ORGANIZATIONNAME = sai;
				TargetAttributes = {
					F8101E621F8B14DA001A20A4 = {
						CreatedOnToolsVersion = 9.0;
						ProvisioningStyle = Automatic;
					};
				};
			};
			buildConfigurationList = F8101E5E1F8B14DA001A20A4 /* Build configuration list for PBXProject "SlackMessageParser" */;
			compatibilityVersion = "Xcode 8.0";
			developmentRegion = en;
			hasScannedForEncodings = 0;
			knownRegions = (
				en,
				Base,
			);
			mainGroup = F8101E5A1F8B14DA001A20A4;
			productRefGroup = F8101E641F8B14DA001A20A4 /* Products */;
			projectDirPath = "";
			projectRoot = "";
			targets = (
				F8101E621F8B14DA001A20A4 /* SlackMessageParser */,
			);
		};
/* End PBXProject section */

/* Begin PBXResourcesBuildPhase section */
		F8101E611F8B14DA001A20A4 /* Resources */ = {
			isa = PBXResourcesBuildPhase;
			buildActionMask = 2147483647;
			files = (
				F8101E731F8B14DA001A20A4 /* LaunchScreen.storyboard in Resources */,
				F8101E701F8B14DA001A20A4 /* Assets.xcassets in Resources */,
				F8101E6E1F8B14DA001A20A4 /* Main.storyboard in Resources */,
			);
			runOnlyForDeploymentPostprocessing = 0;
		};
/* End PBXResourcesBuildPhase section */

/* Begin PBXSourcesBuildPhase section */
		F8101E5F1F8B14DA001A20A4 /* Sources */ = {
			isa = PBXSourcesBuildPhase;
			buildActionMask = 2147483647;
			files = (
				F8101E6B1F8B14DA001A20A4 /* ViewController.m in Sources */,
				F8101E761F8B14DA001A20A4 /* main.m in Sources */,
				F8101E681F8B14DA001A20A4 /* AppDelegate.m in Sources */,
			);
			runOnlyForDeploymentPostprocessing = 0;
		};
/* End PBXSourcesBuildPhase section */

/* Begin PBXVariantGroup section */
		F8101E6C1F8B14DA001A20A4 /* Main.storyboard */ = {
			isa = PBXVariantGroup;
			children = (
				F8101E6D1F8B14DA001A20A4 /* Base */,
			);
			name = Main.storyboard;
			sourceTree = "<group>";
		};
		F8101E711F8B14DA001A20A4 /* LaunchScreen.storyboard */ = {
			isa = PBXVariantGroup;
			children = (
				F8101E721F8B14DA001A20A4 /* Base */,
			);
			name = LaunchScreen.storyboard;
			sourceTree = "<group>";
		};
/* End PBXVariantGroup section */

/* Begin XCBuildConfiguration section */
		F8101E771F8B14DA001A20A4 /* Debug */ = {
			isa = XCBuildConfiguration;
			buildSettings = {
				ALWAYS_SEARCH_USER_PATHS = NO;
				CLANG_ANALYZER_NONNULL = YES;
				CLANG_ANALYZER_NUMBER_OBJECT_CONVERSION = YES_AGGRESSIVE;
				CLANG_CXX_LANGUAGE_STANDARD = "gnu++14";
				CLANG_CXX_LIBRARY = "libc++";
				CLANG_ENABLE_MODULES = YES;
				CLANG_ENABLE_OBJC_ARC = YES;
				CLANG_WARN_BLOCK_CAPTURE_AUTORELEASING = YES;
				CLANG_WARN_BOOL_CONVERSION = YES;
				CLANG_WARN_COMMA = YES;
				CLANG_WARN_CONSTANT_CONVERSION = YES;
				CLANG_WARN_DIRECT_OBJC_ISA_USAGE = YES_ERROR;
				CLANG_WARN_DOCUMENTATION_COMMENTS = YES;
				CLANG_WARN_EMPTY_BODY = YES;
				CLANG_WARN_ENUM_CONVERSION = YES;
				CLANG_WARN_INFINITE_RECURSION = YES;
				CLANG_WARN_INT_CONVERSION = YES;
				CLANG_WARN_NON_LITERAL_NULL_CONVERSION = YES;
				CLANG_WARN_OBJC_LITERAL_CONVERSION = YES;
				CLANG_WARN_OBJC_ROOT_CLASS = YES_ERROR;
				CLANG_WARN_RANGE_LOOP_ANALYSIS = YES;
				CLANG_WARN_STRICT_PROTOTYPES = YES;
				CLANG_WARN_SUSPICIOUS_MOVE = YES;
				CLANG_WARN_UNGUARDED_AVAILABILITY = YES_AGGRESSIVE;
				CLANG_WARN_UNREACHABLE_CODE = YES;
				CLANG_WARN__DUPLICATE_METHOD_MATCH = YES;
				CODE_SIGN_IDENTITY = "iPhone Developer";
				COPY_PHASE_STRIP = NO;
				DEBUG_INFORMATION_FORMAT = dwarf;
				ENABLE_STRICT_OBJC_MSGSEND = YES;
				ENABLE_TESTABILITY = YES;
				GCC_C_LANGUAGE_STANDARD = gnu11;
				GCC_DYNAMIC_NO_PIC = NO;
				GCC_NO_COMMON_BLOCKS = YES;
				GCC_OPTIMIZATION_LEVEL = 0;
				GCC_PREPROCESSOR_DEFINITIONS = (
					"DEBUG=1",
					"$(inherited)",
				);
				GCC_WARN_64_TO_32_BIT_CONVERSION = YES;
				GCC_WARN_ABOUT_RETURN_TYPE = YES_ERROR;
				GCC_WARN_UNDECLARED_SELECTOR = YES;
				GCC_WARN_UNINITIALIZED_AUTOS = YES_AGGRESSIVE;
				GCC_WARN_UNUSED_FUNCTION = YES;
				GCC_WARN_UNUSED_VARIABLE = YES;
				IPHONEOS_DEPLOYMENT_TARGET = 11.0;
				MTL_ENABLE_DEBUG_INFO = YES;
				ONLY_ACTIVE_ARCH = YES;
				SDKROOT = iphoneos;
			};
			name = Debug;
		};
		F8101E781F8B14DA001A20A4 /* Release */ = {
			isa = XCBuildConfiguration;
			buildSettings = {
				ALWAYS_SEARCH_USER_PATHS = NO;
				CLANG_ANALYZER_NONNULL = YES;
				CLANG_ANALYZER_NUMBER_OBJECT_CONVERSION = YES_AGGRESSIVE;
				CLANG_CXX_LANGUAGE_STANDARD = "gnu++14";
				CLANG_CXX_LIBRARY = "libc++";
				CLANG_ENABLE_MODULES = YES;
				CLANG_ENABLE_OBJC_ARC = YES;
				CLANG_WARN_BLOCK_CAPTURE_AUTORELEASING = YES;
				CLANG_WARN_BOOL_CONVERSION = YES;
				CLANG_WARN_COMMA = YES;
				CLANG_WARN_CONSTANT_CONVERSION = YES;
				CLANG_WARN_DIRECT_OBJC_ISA_USAGE = YES_ERROR;
				CLANG_WARN_DOCUMENTATION_COMMENTS = YES;
				CLANG_WARN_EMPTY_BODY = YES;
				CLANG_WARN_ENUM_CONVERSION = YES;
				CLANG_WARN_INFINITE_RECURSION = YES;
				CLANG_WARN_INT_CONVERSION = YES;
				CLANG_WARN_NON_LITERAL_NULL_CONVERSION = YES;
				CLANG_WARN_OBJC_LITERAL_CONVERSION = YES;
				CLANG_WARN_OBJC_ROOT_CLASS = YES_ERROR;
				CLANG_WARN_RANGE_LOOP_ANALYSIS = YES;
				CLANG_WARN_STRICT_PROTOTYPES = YES;
				CLANG_WARN_SUSPICIOUS_MOVE = YES;
				CLANG_WARN_UNGUARDED_AVAILABILITY = YES_AGGRESSIVE;
				CLANG_WARN_UNREACHABLE_CODE = YES;
				CLANG_WARN__DUPLICATE_METHOD_MATCH = YES;
				CODE_SIGN_IDENTITY = "iPhone Developer";
				COPY_PHASE_STRIP = NO;
				DEBUG_INFORMATION_FORMAT = "dwarf-with-dsym";
				ENABLE_NS_ASSERTIONS = NO;
				ENABLE_STRICT_OBJC_MSGSEND = YES;
				GCC_C_LANGUAGE_STANDARD = gnu11;
				GCC_NO_COMMON_BLOCKS = YES;
				GCC_WARN_64_TO_32_BIT_CONVERSION = YES;
				GCC_WARN_ABOUT_RETURN_TYPE = YES_ERROR;
				GCC_WARN_UNDECLARED_SELECTOR = YES;
				GCC_WARN_UNINITIALIZED_AUTOS = YES_AGGRESSIVE;
				GCC_WARN_UNUSED_FUNCTION = YES;
				GCC_WARN_UNUSED_VARIABLE = YES;
				IPHONEOS_DEPLOYMENT_TARGET = 11.0;
				MTL_ENABLE_DEBUG_INFO = NO;
				SDKROOT = iphoneos;
				VALIDATE_PRODUCT = YES;
			};
			name = Release;
		};
		F8101E7A1F8B14DA001A20A4 /* Debug */ = {
			isa = XCBuildConfiguration;
			buildSettings = {
				ASSETCATALOG_COMPILER_APPICON_NAME = AppIcon;
				CODE_SIGN_STYLE = Automatic;
				DEVELOPMENT_TEAM = 47793U9PJ9;
				INFOPLIST_FILE = SlackMessageParser/Info.plist;
				LD_RUNPATH_SEARCH_PATHS = "$(inherited) @executable_path/Frameworks";
				PRODUCT_BUNDLE_IDENTIFIER = com.sai.SlackMessageParser;
				PRODUCT_NAME = "$(TARGET_NAME)";
				TARGETED_DEVICE_FAMILY = "1,2";
			};
			name = Debug;
		};
		F8101E7B1F8B14DA001A20A4 /* Release */ = {
			isa = XCBuildConfiguration;
			buildSettings = {
				ASSETCATALOG_COMPILER_APPICON_NAME = AppIcon;
				CODE_SIGN_STYLE = Automatic;
				DEVELOPMENT_TEAM = 47793U9PJ9;
				INFOPLIST_FILE = SlackMessageParser/Info.plist;
				LD_RUNPATH_SEARCH_PATHS = "$(inherited) @executable_path/Frameworks";
				PRODUCT_BUNDLE_IDENTIFIER = com.sai.SlackMessageParser;
				PRODUCT_NAME = "$(TARGET_NAME)";
				TARGETED_DEVICE_FAMILY = "1,2";
			};
			name = Release;
		};
/* End XCBuildConfiguration section */

/* Begin XCConfigurationList section */
		F8101E5E1F8B14DA001A20A4 /* Build configuration list for PBXProject "SlackMessageParser" */ = {
			isa = XCConfigurationList;
			buildConfigurations = (
				F8101E771F8B14DA001A20A4 /* Debug */,
				F8101E781F8B14DA001A20A4 /* Release */,
			);
			defaultConfigurationIsVisible = 0;
			defaultConfigurationName = Release;
		};
		F8101E791F8B14DA001A20A4 /* Build configuration list for PBXNativeTarget "SlackMessageParser" */ = {
			isa = XCConfigurationList;
			buildConfigurations = (
				F8101E7A1F8B14DA001A20A4 /* Debug */,
				F8101E7B1F8B14DA001A20A4 /* Release */,
			);
			defaultConfigurationIsVisible = 0;
			defaultConfigurationName = Release;
		};
/* End XCConfigurationList section */
	};
	rootObject = F8101E5B1F8B14DA001A20A4 /* Project object */;
}
